
Microsoft Visual Studio Solution File, Format Version 12.00
# Visual Studio Version 16
VisualStudioVersion = 16.0.30517.126
MinimumVisualStudioVersion = 10.0.40219.1
Project("{FAE04EC0-301F-11D3-BF4B-00C04F79EFBC}") = "QLSV.Form", "ThongTinSV\QLSV.Form.csproj", "{855D56BD-C7F4-4D7B-B810-51976BB4184C}"
EndProject
Project("{FAE04EC0-301F-11D3-BF4B-00C04F79EFBC}") = "QLSV.Lib", "QLSV.Lib\QLSV.Lib.csproj", "{06B89DCE-8B37-4C06-83F7-3968552B7F26}"
EndProject
Global
	GlobalSection(SolutionConfigurationPlatforms) = preSolution
		Debug|Any CPU = Debug|Any CPU
		Release|Any CPU = Release|Any CPU
	EndGlobalSection
	GlobalSection(ProjectConfigurationPlatforms) = postSolution
		{855D56BD-C7F4-4D7B-B810-51976BB4184C}.Debug|Any CPU.ActiveCfg = Debug|Any CPU
		{855D56BD-C7F4-4D7B-B810-51976BB4184C}.Debug|Any CPU.Build.0 = Debug|Any CPU
		{855D56BD-C7F4-4D7B-B810-51976BB4184C}.Release|Any CPU.ActiveCfg = Release|Any CPU
		{855D56BD-C7F4-4D7B-B810-51976BB4184C}.Release|Any CPU.Build.0 = Release|Any CPU
		{06B89DCE-8B37-4C06-83F7-3968552B7F26}.Debug|Any CPU.ActiveCfg = Debug|Any CPU
		{06B89DCE-8B37-4C06-83F7-3968552B7F26}.Debug|Any CPU.Build.0 = Debug|Any CPU
		{06B89DCE-8B37-4C06-83F7-3968552B7F26}.Release|Any CPU.ActiveCfg = Release|Any CPU
		{06B89DCE-8B37-4C06-83F7-3968552B7F26}.Release|Any CPU.Build.0 = Release|Any CPU
	EndGlobalSection
	GlobalSection(SolutionProperties) = preSolution
		HideSolutionNode = FALSE
	EndGlobalSection
	GlobalSection(ExtensibilityGlobals) = postSolution
		SolutionGuid = {37A741AA-1BC9-44BC-AB6C-51617B6F12B8}
	EndGlobalSection
EndGlobal
